// !$*UTF8*$!
{
	archiveVersion = 1;
	classes = {
	};
	objectVersion = 55;
	objects = {

/* Begin PBXBuildFile section */
		E164830827DDEB4A00C12D5A /* AppDelegate.swift in Sources */ = {isa = PBXBuildFile; fileRef = E164830727DDEB4A00C12D5A /* AppDelegate.swift */; };
		E164830A27DDEB4A00C12D5A /* SceneDelegate.swift in Sources */ = {isa = PBXBuildFile; fileRef = E164830927DDEB4A00C12D5A /* SceneDelegate.swift */; };
		E164830C27DDEB4A00C12D5A /* ViewController.swift in Sources */ = {isa = PBXBuildFile; fileRef = E164830B27DDEB4A00C12D5A /* ViewController.swift */; };
		E164830F27DDEB4A00C12D5A /* Main.storyboard in Resources */ = {isa = PBXBuildFile; fileRef = E164830D27DDEB4A00C12D5A /* Main.storyboard */; };
		E164831127DDEB4B00C12D5A /* Assets.xcassets in Resources */ = {isa = PBXBuildFile; fileRef = E164831027DDEB4B00C12D5A /* Assets.xcassets */; };
		E164831427DDEB4B00C12D5A /* LaunchScreen.storyboard in Resources */ = {isa = PBXBuildFile; fileRef = E164831227DDEB4B00C12D5A /* LaunchScreen.storyboard */; };
		E195E1DC27DDFE0500DF65F1 /* CourseModel.swift in Sources */ = {isa = PBXBuildFile; fileRef = E195E1DB27DDFE0500DF65F1 /* CourseModel.swift */; };
		E1B729BF27DDF23D00BB07B1 /* CoinManager.swift in Sources */ = {isa = PBXBuildFile; fileRef = E1B729BE27DDF23D00BB07B1 /* CoinManager.swift */; };
/* End PBXBuildFile section */

/* Begin PBXFileReference section */
		E164830427DDEB4A00C12D5A /* FromBitcoin.app */ = {isa = PBXFileReference; explicitFileType = wrapper.application; includeInIndex = 0; path = FromBitcoin.app; sourceTree = BUILT_PRODUCTS_DIR; };
		E164830727DDEB4A00C12D5A /* AppDelegate.swift */ = {isa = PBXFileReference; lastKnownFileType = sourcecode.swift; path = AppDelegate.swift; sourceTree = "<group>"; };
		E164830927DDEB4A00C12D5A /* SceneDelegate.swift */ = {isa = PBXFileReference; lastKnownFileType = sourcecode.swift; path = SceneDelegate.swift; sourceTree = "<group>"; };
		E164830B27DDEB4A00C12D5A /* ViewController.swift */ = {isa = PBXFileReference; lastKnownFileType = sourcecode.swift; path = ViewController.swift; sourceTree = "<group>"; };
		E164830E27DDEB4A00C12D5A /* Base */ = {isa = PBXFileReference; lastKnownFileType = file.storyboard; name = Base; path = Base.lproj/Main.storyboard; sourceTree = "<group>"; };
		E164831027DDEB4B00C12D5A /* Assets.xcassets */ = {isa = PBXFileReference; lastKnownFileType = folder.assetcatalog; path = Assets.xcassets; sourceTree = "<group>"; };
		E164831327DDEB4B00C12D5A /* Base */ = {isa = PBXFileReference; lastKnownFileType = file.storyboard; name = Base; path = Base.lproj/LaunchScreen.storyboard; sourceTree = "<group>"; };
		E164831527DDEB4B00C12D5A /* Info.plist */ = {isa = PBXFileReference; lastKnownFileType = text.plist.xml; path = Info.plist; sourceTree = "<group>"; };
		E195E1DB27DDFE0500DF65F1 /* CourseModel.swift */ = {isa = PBXFileReference; lastKnownFileType = sourcecode.swift; path = CourseModel.swift; sourceTree = "<group>"; };
		E1B729BE27DDF23D00BB07B1 /* CoinManager.swift */ = {isa = PBXFileReference; lastKnownFileType = sourcecode.swift; path = CoinManager.swift; sourceTree = "<group>"; };
/* End PBXFileReference section */

/* Begin PBXFrameworksBuildPhase section */
		E164830127DDEB4A00C12D5A /* Frameworks */ = {
			isa = PBXFrameworksBuildPhase;
			buildActionMask = 2147483647;
			files = (
			);
			runOnlyForDeploymentPostprocessing = 0;
		};
/* End PBXFrameworksBuildPhase section */

/* Begin PBXGroup section */
		E16482FB27DDEB4A00C12D5A = {
			isa = PBXGroup;
			children = (
				E164830627DDEB4A00C12D5A /* FromBitcoin */,
				E164830527DDEB4A00C12D5A /* Products */,
			);
			sourceTree = "<group>";
		};
		E164830527DDEB4A00C12D5A /* Products */ = {
			isa = PBXGroup;
			children = (
				E164830427DDEB4A00C12D5A /* FromBitcoin.app */,
			);
			name = Products;
			sourceTree = "<group>";
		};
		E164830627DDEB4A00C12D5A /* FromBitcoin */ = {
			isa = PBXGroup;
			children = (
				E164830727DDEB4A00C12D5A /* AppDelegate.swift */,
				E164830927DDEB4A00C12D5A /* SceneDelegate.swift */,
				E164831D27DDF07100C12D5A /* Model */,
				E164831C27DDF06A00C12D5A /* View */,
				E164831B27DDF05900C12D5A /* Controller */,
				E164831027DDEB4B00C12D5A /* Assets.xcassets */,
				E164831227DDEB4B00C12D5A /* LaunchScreen.storyboard */,
				E164831527DDEB4B00C12D5A /* Info.plist */,
			);
			path = FromBitcoin;
			sourceTree = "<group>";
		};
		E164831B27DDF05900C12D5A /* Controller */ = {
			isa = PBXGroup;
			children = (
				E164830B27DDEB4A00C12D5A /* ViewController.swift */,
			);
			path = Controller;
			sourceTree = "<group>";
		};
		E164831C27DDF06A00C12D5A /* View */ = {
			isa = PBXGroup;
			children = (
				E164830D27DDEB4A00C12D5A /* Main.storyboard */,
			);
			path = View;
			sourceTree = "<group>";
		};
		E164831D27DDF07100C12D5A /* Model */ = {
			isa = PBXGroup;
			children = (
				E1B729BE27DDF23D00BB07B1 /* CoinManager.swift */,
				E195E1DB27DDFE0500DF65F1 /* CourseModel.swift */,
			);
			path = Model;
			sourceTree = "<group>";
		};
/* End PBXGroup section */

/* Begin PBXNativeTarget section */
		E164830327DDEB4A00C12D5A /* FromBitcoin */ = {
			isa = PBXNativeTarget;
			buildConfigurationList = E164831827DDEB4B00C12D5A /* Build configuration list for PBXNativeTarget "FromBitcoin" */;
			buildPhases = (
				E164830027DDEB4A00C12D5A /* Sources */,
				E164830127DDEB4A00C12D5A /* Frameworks */,
				E164830227DDEB4A00C12D5A /* Resources */,
			);
			buildRules = (
			);
			dependencies = (
			);
			name = FromBitcoin;
			productName = FromBitcoin;
			productReference = E164830427DDEB4A00C12D5A /* FromBitcoin.app */;
			productType = "com.apple.product-type.application";
		};
/* End PBXNativeTarget section */

/* Begin PBXProject section */
		E16482FC27DDEB4A00C12D5A /* Project object */ = {
			isa = PBXProject;
			attributes = {
				BuildIndependentTargetsInParallel = 1;
				LastSwiftUpdateCheck = 1320;
				LastUpgradeCheck = 1320;
				TargetAttributes = {
					E164830327DDEB4A00C12D5A = {
						CreatedOnToolsVersion = 13.2.1;
					};
				};
			};
			buildConfigurationList = E16482FF27DDEB4A00C12D5A /* Build configuration list for PBXProject "FromBitcoin" */;
			compatibilityVersion = "Xcode 13.0";
			developmentRegion = en;
			hasScannedForEncodings = 0;
			knownRegions = (
				en,
				Base,
			);
			mainGroup = E16482FB27DDEB4A00C12D5A;
			productRefGroup = E164830527DDEB4A00C12D5A /* Products */;
			projectDirPath = "";
			projectRoot = "";
			targets = (
				E164830327DDEB4A00C12D5A /* FromBitcoin */,
			);
		};
/* End PBXProject section */

/* Begin PBXResourcesBuildPhase section */
		E164830227DDEB4A00C12D5A /* Resources */ = {
			isa = PBXResourcesBuildPhase;
			buildActionMask = 2147483647;
			files = (
				E164831427DDEB4B00C12D5A /* LaunchScreen.storyboard in Resources */,
				E164831127DDEB4B00C12D5A /* Assets.xcassets in Resources */,
				E164830F27DDEB4A00C12D5A /* Main.storyboard in Resources */,
			);
			runOnlyForDeploymentPostprocessing = 0;
		};
/* End PBXResourcesBuildPhase section */

/* Begin PBXSourcesBuildPhase section */
		E164830027DDEB4A00C12D5A /* Sources */ = {
			isa = PBXSourcesBuildPhase;
			buildActionMask = 2147483647;
			files = (
				E1B729BF27DDF23D00BB07B1 /* CoinManager.swift in Sources */,
				E195E1DC27DDFE0500DF65F1 /* CourseModel.swift in Sources */,
				E164830C27DDEB4A00C12D5A /* ViewController.swift in Sources */,
				E164830827DDEB4A00C12D5A /* AppDelegate.swift in Sources */,
				E164830A27DDEB4A00C12D5A /* SceneDelegate.swift in Sources */,
			);
			runOnlyForDeploymentPostprocessing = 0;
		};
/* End PBXSourcesBuildPhase section */

/* Begin PBXVariantGroup section */
		E164830D27DDEB4A00C12D5A /* Main.storyboard */ = {
			isa = PBXVariantGroup;
			children = (
				E164830E27DDEB4A00C12D5A /* Base */,
			);
			name = Main.storyboard;
			sourceTree = "<group>";
		};
		E164831227DDEB4B00C12D5A /* LaunchScreen.storyboard */ = {
			isa = PBXVariantGroup;
			children = (
				E164831327DDEB4B00C12D5A /* Base */,
			);
			name = LaunchScreen.storyboard;
			sourceTree = "<group>";
		};
/* End PBXVariantGroup section */

/* Begin XCBuildConfiguration section */
		E164831627DDEB4B00C12D5A /* Debug */ = {
			isa = XCBuildConfiguration;
			buildSettings = {
				ALWAYS_SEARCH_USER_PATHS = NO;
				CLANG_ANALYZER_NONNULL = YES;
				CLANG_ANALYZER_NUMBER_OBJECT_CONVERSION = YES_AGGRESSIVE;
				CLANG_CXX_LANGUAGE_STANDARD = "gnu++17";
				CLANG_CXX_LIBRARY = "libc++";
				CLANG_ENABLE_MODULES = YES;
				CLANG_ENABLE_OBJC_ARC = YES;
				CLANG_ENABLE_OBJC_WEAK = YES;
				CLANG_WARN_BLOCK_CAPTURE_AUTORELEASING = YES;
				CLANG_WARN_BOOL_CONVERSION = YES;
				CLANG_WARN_COMMA = YES;
				CLANG_WARN_CONSTANT_CONVERSION = YES;
				CLANG_WARN_DEPRECATED_OBJC_IMPLEMENTATIONS = YES;
				CLANG_WARN_DIRECT_OBJC_ISA_USAGE = YES_ERROR;
				CLANG_WARN_DOCUMENTATION_COMMENTS = YES;
				CLANG_WARN_EMPTY_BODY = YES;
				CLANG_WARN_ENUM_CONVERSION = YES;
				CLANG_WARN_INFINITE_RECURSION = YES;
				CLANG_WARN_INT_CONVERSION = YES;
				CLANG_WARN_NON_LITERAL_NULL_CONVERSION = YES;
				CLANG_WARN_OBJC_IMPLICIT_RETAIN_SELF = YES;
				CLANG_WARN_OBJC_LITERAL_CONVERSION = YES;
				CLANG_WARN_OBJC_ROOT_CLASS = YES_ERROR;
				CLANG_WARN_QUOTED_INCLUDE_IN_FRAMEWORK_HEADER = YES;
				CLANG_WARN_RANGE_LOOP_ANALYSIS = YES;
				CLANG_WARN_STRICT_PROTOTYPES = YES;
				CLANG_WARN_SUSPICIOUS_MOVE = YES;
				CLANG_WARN_UNGUARDED_AVAILABILITY = YES_AGGRESSIVE;
				CLANG_WARN_UNREACHABLE_CODE = YES;
				CLANG_WARN__DUPLICATE_METHOD_MATCH = YES;
				COPY_PHASE_STRIP = NO;
				DEBUG_INFORMATION_FORMAT = dwarf;
				ENABLE_STRICT_OBJC_MSGSEND = YES;
				ENABLE_TESTABILITY = YES;
				GCC_C_LANGUAGE_STANDARD = gnu11;
				GCC_DYNAMIC_NO_PIC = NO;
				GCC_NO_COMMON_BLOCKS = YES;
				GCC_OPTIMIZATION_LEVEL = 0;
				GCC_PREPROCESSOR_DEFINITIONS = (
					"DEBUG=1",
					"$(inherited)",
				);
				GCC_WARN_64_TO_32_BIT_CONVERSION = YES;
				GCC_WARN_ABOUT_RETURN_TYPE = YES_ERROR;
				GCC_WARN_UNDECLARED_SELECTOR = YES;
				GCC_WARN_UNINITIALIZED_AUTOS = YES_AGGRESSIVE;
				GCC_WARN_UNUSED_FUNCTION = YES;
				GCC_WARN_UNUSED_VARIABLE = YES;
				IPHONEOS_DEPLOYMENT_TARGET = 15.2;
				MTL_ENABLE_DEBUG_INFO = INCLUDE_SOURCE;
				MTL_FAST_MATH = YES;
				ONLY_ACTIVE_ARCH = YES;
				SDKROOT = iphoneos;
				SWIFT_ACTIVE_COMPILATION_CONDITIONS = DEBUG;
				SWIFT_OPTIMIZATION_LEVEL = "-Onone";
			};
			name = Debug;
		};
		E164831727DDEB4B00C12D5A /* Release */ = {
			isa = XCBuildConfiguration;
			buildSettings = {
				ALWAYS_SEARCH_USER_PATHS = NO;
				CLANG_ANALYZER_NONNULL = YES;
				CLANG_ANALYZER_NUMBER_OBJECT_CONVERSION = YES_AGGRESSIVE;
				CLANG_CXX_LANGUAGE_STANDARD = "gnu++17";
				CLANG_CXX_LIBRARY = "libc++";
				CLANG_ENABLE_MODULES = YES;
				CLANG_ENABLE_OBJC_ARC = YES;
				CLANG_ENABLE_OBJC_WEAK = YES;
				CLANG_WARN_BLOCK_CAPTURE_AUTORELEASING = YES;
				CLANG_WARN_BOOL_CONVERSION = YES;
				CLANG_WARN_COMMA = YES;
				CLANG_WARN_CONSTANT_CONVERSION = YES;
				CLANG_WARN_DEPRECATED_OBJC_IMPLEMENTATIONS = YES;
				CLANG_WARN_DIRECT_OBJC_ISA_USAGE = YES_ERROR;
				CLANG_WARN_DOCUMENTATION_COMMENTS = YES;
				CLANG_WARN_EMPTY_BODY = YES;
				CLANG_WARN_ENUM_CONVERSION = YES;
				CLANG_WARN_INFINITE_RECURSION = YES;
				CLANG_WARN_INT_CONVERSION = YES;
				CLANG_WARN_NON_LITERAL_NULL_CONVERSION = YES;
				CLANG_WARN_OBJC_IMPLICIT_RETAIN_SELF = YES;
				CLANG_WARN_OBJC_LITERAL_CONVERSION = YES;
				CLANG_WARN_OBJC_ROOT_CLASS = YES_ERROR;
				CLANG_WARN_QUOTED_INCLUDE_IN_FRAMEWORK_HEADER = YES;
				CLANG_WARN_RANGE_LOOP_ANALYSIS = YES;
				CLANG_WARN_STRICT_PROTOTYPES = YES;
				CLANG_WARN_SUSPICIOUS_MOVE = YES;
				CLANG_WARN_UNGUARDED_AVAILABILITY = YES_AGGRESSIVE;
				CLANG_WARN_UNREACHABLE_CODE = YES;
				CLANG_WARN__DUPLICATE_METHOD_MATCH = YES;
				COPY_PHASE_STRIP = NO;
				DEBUG_INFORMATION_FORMAT = "dwarf-with-dsym";
				ENABLE_NS_ASSERTIONS = NO;
				ENABLE_STRICT_OBJC_MSGSEND = YES;
				GCC_C_LANGUAGE_STANDARD = gnu11;
				GCC_NO_COMMON_BLOCKS = YES;
				GCC_WARN_64_TO_32_BIT_CONVERSION = YES;
				GCC_WARN_ABOUT_RETURN_TYPE = YES_ERROR;
				GCC_WARN_UNDECLARED_SELECTOR = YES;
				GCC_WARN_UNINITIALIZED_AUTOS = YES_AGGRESSIVE;
				GCC_WARN_UNUSED_FUNCTION = YES;
				GCC_WARN_UNUSED_VARIABLE = YES;
				IPHONEOS_DEPLOYMENT_TARGET = 15.2;
				MTL_ENABLE_DEBUG_INFO = NO;
				MTL_FAST_MATH = YES;
				SDKROOT = iphoneos;
				SWIFT_COMPILATION_MODE = wholemodule;
				SWIFT_OPTIMIZATION_LEVEL = "-O";
				VALIDATE_PRODUCT = YES;
			};
			name = Release;
		};
		E164831927DDEB4B00C12D5A /* Debug */ = {
			isa = XCBuildConfiguration;
			buildSettings = {
				ASSETCATALOG_COMPILER_APPICON_NAME = AppIcon;
				ASSETCATALOG_COMPILER_GLOBAL_ACCENT_COLOR_NAME = AccentColor;
				CODE_SIGN_STYLE = Automatic;
				CURRENT_PROJECT_VERSION = 1;
				DEVELOPMENT_TEAM = 55G986TBD8;
				GENERATE_INFOPLIST_FILE = YES;
				INFOPLIST_FILE = FromBitcoin/Info.plist;
				INFOPLIST_KEY_UIApplicationSupportsIndirectInputEvents = YES;
				INFOPLIST_KEY_UILaunchStoryboardName = LaunchScreen;
				INFOPLIST_KEY_UIMainStoryboardFile = Main;
				INFOPLIST_KEY_UISupportedInterfaceOrientations_iPad = "UIInterfaceOrientationPortrait UIInterfaceOrientationPortraitUpsideDown UIInterfaceOrientationLandscapeLeft UIInterfaceOrientationLandscapeRight";
				INFOPLIST_KEY_UISupportedInterfaceOrientations_iPhone = "UIInterfaceOrientationPortrait UIInterfaceOrientationLandscapeLeft UIInterfaceOrientationLandscapeRight";
				LD_RUNPATH_SEARCH_PATHS = (
					"$(inherited)",
					"@executable_path/Frameworks",
				);
				MARKETING_VERSION = 1.0;
				PRODUCT_BUNDLE_IDENTIFIER = com.arkadiyrozhkov.FromBitcoin;
				PRODUCT_NAME = "$(TARGET_NAME)";
				SWIFT_EMIT_LOC_STRINGS = YES;
				SWIFT_VERSION = 5.0;
				TARGETED_DEVICE_FAMILY = "1,2";
			};
			name = Debug;
		};
		E164831A27DDEB4B00C12D5A /* Release */ = {
			isa = XCBuildConfiguration;
			buildSettings = {
				ASSETCATALOG_COMPILER_APPICON_NAME = AppIcon;
				ASSETCATALOG_COMPILER_GLOBAL_ACCENT_COLOR_NAME = AccentColor;
				CODE_SIGN_STYLE = Automatic;
				CURRENT_PROJECT_VERSION = 1;
				DEVELOPMENT_TEAM = 55G986TBD8;
				GENERATE_INFOPLIST_FILE = YES;
				INFOPLIST_FILE = FromBitcoin/Info.plist;
				INFOPLIST_KEY_UIApplicationSupportsIndirectInputEvents = YES;
				INFOPLIST_KEY_UILaunchStoryboardName = LaunchScreen;
				INFOPLIST_KEY_UIMainStoryboardFile = Main;
				INFOPLIST_KEY_UISupportedInterfaceOrientations_iPad = "UIInterfaceOrientationPortrait UIInterfaceOrientationPortraitUpsideDown UIInterfaceOrientationLandscapeLeft UIInterfaceOrientationLandscapeRight";
				INFOPLIST_KEY_UISupportedInterfaceOrientations_iPhone = "UIInterfaceOrientationPortrait UIInterfaceOrientationLandscapeLeft UIInterfaceOrientationLandscapeRight";
				LD_RUNPATH_SEARCH_PATHS = (
					"$(inherited)",
					"@executable_path/Frameworks",
				);
				MARKETING_VERSION = 1.0;
				PRODUCT_BUNDLE_IDENTIFIER = com.arkadiyrozhkov.FromBitcoin;
				PRODUCT_NAME = "$(TARGET_NAME)";
				SWIFT_EMIT_LOC_STRINGS = YES;
				SWIFT_VERSION = 5.0;
				TARGETED_DEVICE_FAMILY = "1,2";
			};
			name = Release;
		};
/* End XCBuildConfiguration section */

/* Begin XCConfigurationList section */
		E16482FF27DDEB4A00C12D5A /* Build configuration list for PBXProject "FromBitcoin" */ = {
			isa = XCConfigurationList;
			buildConfigurations = (
				E164831627DDEB4B00C12D5A /* Debug */,
				E164831727DDEB4B00C12D5A /* Release */,
			);
			defaultConfigurationIsVisible = 0;
			defaultConfigurationName = Release;
		};
		E164831827DDEB4B00C12D5A /* Build configuration list for PBXNativeTarget "FromBitcoin" */ = {
			isa = XCConfigurationList;
			buildConfigurations = (
				E164831927DDEB4B00C12D5A /* Debug */,
				E164831A27DDEB4B00C12D5A /* Release */,
			);
			defaultConfigurationIsVisible = 0;
			defaultConfigurationName = Release;
		};
/* End XCConfigurationList section */
	};
	rootObject = E16482FC27DDEB4A00C12D5A /* Project object */;
}
